
Microsoft Visual Studio Solution File, Format Version 12.00
# Visual Studio Version 17
VisualStudioVersion = 17.13.35931.197 d17.13
MinimumVisualStudioVersion = 10.0.40219.1
Project("{FAE04EC0-301F-11D3-BF4B-00C04F79EFBC}") = "RecipePlatform.Models", "RecipePlatform.Models\RecipePlatform.Models.csproj", "{8C4699C7-2A99-4206-BCB7-232B5795DEE2}"
EndProject
Project("{FAE04EC0-301F-11D3-BF4B-00C04F79EFBC}") = "RecipePlatform.DAL", "RecipePlatform.DAL\RecipePlatform.DAL.csproj", "{C36AA855-9237-4C35-8069-5005A54C8528}"
EndProject
Project("{FAE04EC0-301F-11D3-BF4B-00C04F79EFBC}") = "RecipePlatform.BLL", "RecipePlatform.BLL\RecipePlatform.BLL.csproj", "{0944B951-D1D2-4724-B425-7E3E2A4D116F}"
EndProject
Project("{FAE04EC0-301F-11D3-BF4B-00C04F79EFBC}") = "RecipePlatform.PL.WEB", "RecipePlatform.PL.WEB\RecipePlatform.PL.WEB.csproj", "{BD3D3B9A-3B28-4B56-93E5-6AEEE53B781E}"
EndProject
Project("{FAE04EC0-301F-11D3-BF4B-00C04F79EFBC}") = "RecipePlatform.API", "RecipePlatform.API\RecipePlatform.API.csproj", "{F5500486-EF63-433A-A8D5-6FBA2B69F66B}"
EndProject
Global
	GlobalSection(SolutionConfigurationPlatforms) = preSolution
		Debug|Any CPU = Debug|Any CPU
		Release|Any CPU = Release|Any CPU
	EndGlobalSection
	GlobalSection(ProjectConfigurationPlatforms) = postSolution
		{8C4699C7-2A99-4206-BCB7-232B5795DEE2}.Debug|Any CPU.ActiveCfg = Debug|Any CPU
		{8C4699C7-2A99-4206-BCB7-232B5795DEE2}.Debug|Any CPU.Build.0 = Debug|Any CPU
		{8C4699C7-2A99-4206-BCB7-232B5795DEE2}.Release|Any CPU.ActiveCfg = Release|Any CPU
		{8C4699C7-2A99-4206-BCB7-232B5795DEE2}.Release|Any CPU.Build.0 = Release|Any CPU
		{C36AA855-9237-4C35-8069-5005A54C8528}.Debug|Any CPU.ActiveCfg = Debug|Any CPU
		{C36AA855-9237-4C35-8069-5005A54C8528}.Debug|Any CPU.Build.0 = Debug|Any CPU
		{C36AA855-9237-4C35-8069-5005A54C8528}.Release|Any CPU.ActiveCfg = Release|Any CPU
		{C36AA855-9237-4C35-8069-5005A54C8528}.Release|Any CPU.Build.0 = Release|Any CPU
		{0944B951-D1D2-4724-B425-7E3E2A4D116F}.Debug|Any CPU.ActiveCfg = Debug|Any CPU
		{0944B951-D1D2-4724-B425-7E3E2A4D116F}.Debug|Any CPU.Build.0 = Debug|Any CPU
		{0944B951-D1D2-4724-B425-7E3E2A4D116F}.Release|Any CPU.ActiveCfg = Release|Any CPU
		{0944B951-D1D2-4724-B425-7E3E2A4D116F}.Release|Any CPU.Build.0 = Release|Any CPU
		{BD3D3B9A-3B28-4B56-93E5-6AEEE53B781E}.Debug|Any CPU.ActiveCfg = Debug|Any CPU
		{BD3D3B9A-3B28-4B56-93E5-6AEEE53B781E}.Debug|Any CPU.Build.0 = Debug|Any CPU
		{BD3D3B9A-3B28-4B56-93E5-6AEEE53B781E}.Release|Any CPU.ActiveCfg = Release|Any CPU
		{BD3D3B9A-3B28-4B56-93E5-6AEEE53B781E}.Release|Any CPU.Build.0 = Release|Any CPU
		{F5500486-EF63-433A-A8D5-6FBA2B69F66B}.Debug|Any CPU.ActiveCfg = Debug|Any CPU
		{F5500486-EF63-433A-A8D5-6FBA2B69F66B}.Debug|Any CPU.Build.0 = Debug|Any CPU
		{F5500486-EF63-433A-A8D5-6FBA2B69F66B}.Release|Any CPU.ActiveCfg = Release|Any CPU
		{F5500486-EF63-433A-A8D5-6FBA2B69F66B}.Release|Any CPU.Build.0 = Release|Any CPU
	EndGlobalSection
	GlobalSection(SolutionProperties) = preSolution
		HideSolutionNode = FALSE
	EndGlobalSection
	GlobalSection(ExtensibilityGlobals) = postSolution
		SolutionGuid = {5B91F508-4B36-4F81-ACD5-4BEE51CAE518}
	EndGlobalSection
EndGlobal
